
Microsoft Visual Studio Solution File, Format Version 12.00
# Visual Studio 15
VisualStudioVersion = 15.0.27428.2002
MinimumVisualStudioVersion = 10.0.40219.1
Project("{FAE04EC0-301F-11D3-BF4B-00C04F79EFBC}") = "dualtry", "dualtry\dualtry.csproj", "{586A0323-8A68-49E2-ADE5-59ACB6E0FBA1}"
EndProject
Project("{FAE04EC0-301F-11D3-BF4B-00C04F79EFBC}") = "dualtryGUI", "WindowsFormsApp1\dualtryGUI.csproj", "{9E46A1A6-F415-4167-B66B-F7CF42B8498F}"
EndProject
Project("{FAE04EC0-301F-11D3-BF4B-00C04F79EFBC}") = "DualTryClassLibraryNet", "DualTryClassLibraryNet\DualTryClassLibraryNet.csproj", "{E9B1C6E2-866A-4A32-B66D-608E0E135D2E}"
EndProject
Global
	GlobalSection(SolutionConfigurationPlatforms) = preSolution
		Debug|Any CPU = Debug|Any CPU
		Debug|ARM = Debug|ARM
		Debug|x64 = Debug|x64
		Debug|x86 = Debug|x86
		Release|Any CPU = Release|Any CPU
		Release|ARM = Release|ARM
		Release|x64 = Release|x64
		Release|x86 = Release|x86
	EndGlobalSection
	GlobalSection(ProjectConfigurationPlatforms) = postSolution
		{586A0323-8A68-49E2-ADE5-59ACB6E0FBA1}.Debug|Any CPU.ActiveCfg = Debug|Any CPU
		{586A0323-8A68-49E2-ADE5-59ACB6E0FBA1}.Debug|Any CPU.Build.0 = Debug|Any CPU
		{586A0323-8A68-49E2-ADE5-59ACB6E0FBA1}.Debug|ARM.ActiveCfg = Debug|Any CPU
		{586A0323-8A68-49E2-ADE5-59ACB6E0FBA1}.Debug|ARM.Build.0 = Debug|Any CPU
		{586A0323-8A68-49E2-ADE5-59ACB6E0FBA1}.Debug|x64.ActiveCfg = Debug|Any CPU
		{586A0323-8A68-49E2-ADE5-59ACB6E0FBA1}.Debug|x64.Build.0 = Debug|Any CPU
		{586A0323-8A68-49E2-ADE5-59ACB6E0FBA1}.Debug|x86.ActiveCfg = Debug|Any CPU
		{586A0323-8A68-49E2-ADE5-59ACB6E0FBA1}.Debug|x86.Build.0 = Debug|Any CPU
		{586A0323-8A68-49E2-ADE5-59ACB6E0FBA1}.Release|Any CPU.ActiveCfg = Release|Any CPU
		{586A0323-8A68-49E2-ADE5-59ACB6E0FBA1}.Release|Any CPU.Build.0 = Release|Any CPU
		{586A0323-8A68-49E2-ADE5-59ACB6E0FBA1}.Release|ARM.ActiveCfg = Release|Any CPU
		{586A0323-8A68-49E2-ADE5-59ACB6E0FBA1}.Release|ARM.Build.0 = Release|Any CPU
		{586A0323-8A68-49E2-ADE5-59ACB6E0FBA1}.Release|x64.ActiveCfg = Release|Any CPU
		{586A0323-8A68-49E2-ADE5-59ACB6E0FBA1}.Release|x64.Build.0 = Release|Any CPU
		{586A0323-8A68-49E2-ADE5-59ACB6E0FBA1}.Release|x86.ActiveCfg = Release|Any CPU
		{586A0323-8A68-49E2-ADE5-59ACB6E0FBA1}.Release|x86.Build.0 = Release|Any CPU
		{9E46A1A6-F415-4167-B66B-F7CF42B8498F}.Debug|Any CPU.ActiveCfg = Debug|Any CPU
		{9E46A1A6-F415-4167-B66B-F7CF42B8498F}.Debug|Any CPU.Build.0 = Debug|Any CPU
		{9E46A1A6-F415-4167-B66B-F7CF42B8498F}.Debug|ARM.ActiveCfg = Debug|Any CPU
		{9E46A1A6-F415-4167-B66B-F7CF42B8498F}.Debug|ARM.Build.0 = Debug|Any CPU
		{9E46A1A6-F415-4167-B66B-F7CF42B8498F}.Debug|x64.ActiveCfg = Debug|Any CPU
		{9E46A1A6-F415-4167-B66B-F7CF42B8498F}.Debug|x64.Build.0 = Debug|Any CPU
		{9E46A1A6-F415-4167-B66B-F7CF42B8498F}.Debug|x86.ActiveCfg = Debug|Any CPU
		{9E46A1A6-F415-4167-B66B-F7CF42B8498F}.Debug|x86.Build.0 = Debug|Any CPU
		{9E46A1A6-F415-4167-B66B-F7CF42B8498F}.Release|Any CPU.ActiveCfg = Release|Any CPU
		{9E46A1A6-F415-4167-B66B-F7CF42B8498F}.Release|Any CPU.Build.0 = Release|Any CPU
		{9E46A1A6-F415-4167-B66B-F7CF42B8498F}.Release|ARM.ActiveCfg = Release|Any CPU
		{9E46A1A6-F415-4167-B66B-F7CF42B8498F}.Release|ARM.Build.0 = Release|Any CPU
		{9E46A1A6-F415-4167-B66B-F7CF42B8498F}.Release|x64.ActiveCfg = Release|Any CPU
		{9E46A1A6-F415-4167-B66B-F7CF42B8498F}.Release|x64.Build.0 = Release|Any CPU
		{9E46A1A6-F415-4167-B66B-F7CF42B8498F}.Release|x86.ActiveCfg = Release|Any CPU
		{9E46A1A6-F415-4167-B66B-F7CF42B8498F}.Release|x86.Build.0 = Release|Any CPU
		{E9B1C6E2-866A-4A32-B66D-608E0E135D2E}.Debug|Any CPU.ActiveCfg = Debug|Any CPU
		{E9B1C6E2-866A-4A32-B66D-608E0E135D2E}.Debug|Any CPU.Build.0 = Debug|Any CPU
		{E9B1C6E2-866A-4A32-B66D-608E0E135D2E}.Debug|ARM.ActiveCfg = Debug|Any CPU
		{E9B1C6E2-866A-4A32-B66D-608E0E135D2E}.Debug|ARM.Build.0 = Debug|Any CPU
		{E9B1C6E2-866A-4A32-B66D-608E0E135D2E}.Debug|x64.ActiveCfg = Debug|Any CPU
		{E9B1C6E2-866A-4A32-B66D-608E0E135D2E}.Debug|x64.Build.0 = Debug|Any CPU
		{E9B1C6E2-866A-4A32-B66D-608E0E135D2E}.Debug|x86.ActiveCfg = Debug|Any CPU
		{E9B1C6E2-866A-4A32-B66D-608E0E135D2E}.Debug|x86.Build.0 = Debug|Any CPU
		{E9B1C6E2-866A-4A32-B66D-608E0E135D2E}.Release|Any CPU.ActiveCfg = Release|Any CPU
		{E9B1C6E2-866A-4A32-B66D-608E0E135D2E}.Release|Any CPU.Build.0 = Release|Any CPU
		{E9B1C6E2-866A-4A32-B66D-608E0E135D2E}.Release|ARM.ActiveCfg = Release|Any CPU
		{E9B1C6E2-866A-4A32-B66D-608E0E135D2E}.Release|ARM.Build.0 = Release|Any CPU
		{E9B1C6E2-866A-4A32-B66D-608E0E135D2E}.Release|x64.ActiveCfg = Release|Any CPU
		{E9B1C6E2-866A-4A32-B66D-608E0E135D2E}.Release|x64.Build.0 = Release|Any CPU
		{E9B1C6E2-866A-4A32-B66D-608E0E135D2E}.Release|x86.ActiveCfg = Release|Any CPU
		{E9B1C6E2-866A-4A32-B66D-608E0E135D2E}.Release|x86.Build.0 = Release|Any CPU
	EndGlobalSection
	GlobalSection(SolutionProperties) = preSolution
		HideSolutionNode = FALSE
	EndGlobalSection
	GlobalSection(ExtensibilityGlobals) = postSolution
		SolutionGuid = {35FD7F88-E405-48B8-8422-A79DA182B3E8}
	EndGlobalSection
EndGlobal
