
Microsoft Visual Studio Solution File, Format Version 12.00
# Visual Studio 15
VisualStudioVersion = 15.0.27428.2002
MinimumVisualStudioVersion = 10.0.40219.1
Project("{FAE04EC0-301F-11D3-BF4B-00C04F79EFBC}") = "dualtry", "dualtry\dualtry.csproj", "{586A0323-8A68-49E2-ADE5-59ACB6E0FBA1}"
EndProject
Global
	GlobalSection(SolutionConfigurationPlatforms) = preSolution
		Debug|Any CPU = Debug|Any CPU
		Release|Any CPU = Release|Any CPU
	EndGlobalSection
	GlobalSection(ProjectConfigurationPlatforms) = postSolution
		{586A0323-8A68-49E2-ADE5-59ACB6E0FBA1}.Debug|Any CPU.ActiveCfg = Debug|Any CPU
		{586A0323-8A68-49E2-ADE5-59ACB6E0FBA1}.Debug|Any CPU.Build.0 = Debug|Any CPU
		{586A0323-8A68-49E2-ADE5-59ACB6E0FBA1}.Release|Any CPU.ActiveCfg = Release|Any CPU
		{586A0323-8A68-49E2-ADE5-59ACB6E0FBA1}.Release|Any CPU.Build.0 = Release|Any CPU
	EndGlobalSection
	GlobalSection(SolutionProperties) = preSolution
		HideSolutionNode = FALSE
	EndGlobalSection
	GlobalSection(ExtensibilityGlobals) = postSolution
		SolutionGuid = {35FD7F88-E405-48B8-8422-A79DA182B3E8}
	EndGlobalSection
EndGlobal
